// !$*UTF8*$!
{
	archiveVersion = 1;
	classes = {
	};
	objectVersion = 46;
	objects = {

/* Begin PBXBuildFile section */
		A68C10EC19E489700060A8AB /* Images.xcassets in Resources */ = {isa = PBXBuildFile; fileRef = A68C10EB19E489700060A8AB /* Images.xcassets */; };
		A68C110519E489860060A8AB /* Carbon.framework in Frameworks */ = {isa = PBXBuildFile; fileRef = A68C110419E489860060A8AB /* Carbon.framework */; };
		A68C110E19E48AD00060A8AB /* DDHotKeyCenter.m in Sources */ = {isa = PBXBuildFile; fileRef = A68C110919E48AD00060A8AB /* DDHotKeyCenter.m */; };
		A68C110F19E48AD00060A8AB /* DDHotKeyTextField.m in Sources */ = {isa = PBXBuildFile; fileRef = A68C110B19E48AD00060A8AB /* DDHotKeyTextField.m */; };
		A68C111019E48AD00060A8AB /* DDHotKeyUtilities.m in Sources */ = {isa = PBXBuildFile; fileRef = A68C110D19E48AD00060A8AB /* DDHotKeyUtilities.m */; };
		A68C111819E492280060A8AB /* MLIMGURUploader.m in Sources */ = {isa = PBXBuildFile; fileRef = A68C111719E492280060A8AB /* MLIMGURUploader.m */; };
		A6CF24752114C43B0086A67C /* AppDelegate.swift in Sources */ = {isa = PBXBuildFile; fileRef = A6CF24742114C43B0086A67C /* AppDelegate.swift */; };
		A6CF24952114CA8F0086A67C /* Main.storyboard in Resources */ = {isa = PBXBuildFile; fileRef = A6CF24942114CA8F0086A67C /* Main.storyboard */; };
/* End PBXBuildFile section */

/* Begin PBXFileReference section */
		A68C10DE19E489700060A8AB /* imgurshot.app */ = {isa = PBXFileReference; explicitFileType = wrapper.application; includeInIndex = 0; path = imgurshot.app; sourceTree = BUILT_PRODUCTS_DIR; };
		A68C10E219E489700060A8AB /* Info.plist */ = {isa = PBXFileReference; lastKnownFileType = text.plist.xml; path = Info.plist; sourceTree = "<group>"; };
		A68C10EB19E489700060A8AB /* Images.xcassets */ = {isa = PBXFileReference; lastKnownFileType = folder.assetcatalog; path = Images.xcassets; sourceTree = "<group>"; };
		A68C110419E489860060A8AB /* Carbon.framework */ = {isa = PBXFileReference; lastKnownFileType = wrapper.framework; name = Carbon.framework; path = System/Library/Frameworks/Carbon.framework; sourceTree = SDKROOT; };
		A68C110819E48AD00060A8AB /* DDHotKeyCenter.h */ = {isa = PBXFileReference; fileEncoding = 4; lastKnownFileType = sourcecode.c.h; path = DDHotKeyCenter.h; sourceTree = "<group>"; };
		A68C110919E48AD00060A8AB /* DDHotKeyCenter.m */ = {isa = PBXFileReference; fileEncoding = 4; lastKnownFileType = sourcecode.c.objc; path = DDHotKeyCenter.m; sourceTree = "<group>"; };
		A68C110A19E48AD00060A8AB /* DDHotKeyTextField.h */ = {isa = PBXFileReference; fileEncoding = 4; lastKnownFileType = sourcecode.c.h; path = DDHotKeyTextField.h; sourceTree = "<group>"; };
		A68C110B19E48AD00060A8AB /* DDHotKeyTextField.m */ = {isa = PBXFileReference; fileEncoding = 4; lastKnownFileType = sourcecode.c.objc; path = DDHotKeyTextField.m; sourceTree = "<group>"; };
		A68C110C19E48AD00060A8AB /* DDHotKeyUtilities.h */ = {isa = PBXFileReference; fileEncoding = 4; lastKnownFileType = sourcecode.c.h; path = DDHotKeyUtilities.h; sourceTree = "<group>"; };
		A68C110D19E48AD00060A8AB /* DDHotKeyUtilities.m */ = {isa = PBXFileReference; fileEncoding = 4; lastKnownFileType = sourcecode.c.objc; path = DDHotKeyUtilities.m; sourceTree = "<group>"; };
		A68C111619E492280060A8AB /* MLIMGURUploader.h */ = {isa = PBXFileReference; fileEncoding = 4; lastKnownFileType = sourcecode.c.h; path = MLIMGURUploader.h; sourceTree = "<group>"; };
		A68C111719E492280060A8AB /* MLIMGURUploader.m */ = {isa = PBXFileReference; fileEncoding = 4; lastKnownFileType = sourcecode.c.objc; path = MLIMGURUploader.m; sourceTree = "<group>"; };
		A6CF24732114C43A0086A67C /* imgurshot-Bridging-Header.h */ = {isa = PBXFileReference; lastKnownFileType = sourcecode.c.h; path = "imgurshot-Bridging-Header.h"; sourceTree = "<group>"; };
		A6CF24742114C43B0086A67C /* AppDelegate.swift */ = {isa = PBXFileReference; lastKnownFileType = sourcecode.swift; path = AppDelegate.swift; sourceTree = "<group>"; };
		A6CF24942114CA8F0086A67C /* Main.storyboard */ = {isa = PBXFileReference; lastKnownFileType = file.storyboard; path = Main.storyboard; sourceTree = "<group>"; };
/* End PBXFileReference section */

/* Begin PBXFrameworksBuildPhase section */
		A68C10DB19E489700060A8AB /* Frameworks */ = {
			isa = PBXFrameworksBuildPhase;
			buildActionMask = 2147483647;
			files = (
				A68C110519E489860060A8AB /* Carbon.framework in Frameworks */,
			);
			runOnlyForDeploymentPostprocessing = 0;
		};
/* End PBXFrameworksBuildPhase section */

/* Begin PBXGroup section */
		A68C10D519E4896F0060A8AB = {
			isa = PBXGroup;
			children = (
				A68C111119E48EDF0060A8AB /* Classes */,
				A68C10E019E489700060A8AB /* imgurshot */,
				A68C111219E48EF40060A8AB /* Frameworks */,
				A68C10DF19E489700060A8AB /* Products */,
			);
			sourceTree = "<group>";
		};
		A68C10DF19E489700060A8AB /* Products */ = {
			isa = PBXGroup;
			children = (
				A68C10DE19E489700060A8AB /* imgurshot.app */,
			);
			name = Products;
			sourceTree = "<group>";
		};
		A68C10E019E489700060A8AB /* imgurshot */ = {
			isa = PBXGroup;
			children = (
				A6CF24742114C43B0086A67C /* AppDelegate.swift */,
				A6CF24732114C43A0086A67C /* imgurshot-Bridging-Header.h */,
				A68C10EB19E489700060A8AB /* Images.xcassets */,
				A6CF24942114CA8F0086A67C /* Main.storyboard */,
				A68C10E219E489700060A8AB /* Info.plist */,
			);
			path = imgurshot;
			sourceTree = "<group>";
		};
		A68C110719E48AC60060A8AB /* DDHotKey */ = {
			isa = PBXGroup;
			children = (
				A68C110819E48AD00060A8AB /* DDHotKeyCenter.h */,
				A68C110919E48AD00060A8AB /* DDHotKeyCenter.m */,
				A68C110A19E48AD00060A8AB /* DDHotKeyTextField.h */,
				A68C110B19E48AD00060A8AB /* DDHotKeyTextField.m */,
				A68C110C19E48AD00060A8AB /* DDHotKeyUtilities.h */,
				A68C110D19E48AD00060A8AB /* DDHotKeyUtilities.m */,
			);
			name = DDHotKey;
			sourceTree = "<group>";
		};
		A68C111119E48EDF0060A8AB /* Classes */ = {
			isa = PBXGroup;
			children = (
				A68C110719E48AC60060A8AB /* DDHotKey */,
				A68C111519E4921E0060A8AB /* MLIMGURUploader */,
			);
			name = Classes;
			path = imgurshot;
			sourceTree = "<group>";
		};
		A68C111219E48EF40060A8AB /* Frameworks */ = {
			isa = PBXGroup;
			children = (
				A68C110419E489860060A8AB /* Carbon.framework */,
			);
			name = Frameworks;
			path = imgurshot;
			sourceTree = "<group>";
		};
		A68C111519E4921E0060A8AB /* MLIMGURUploader */ = {
			isa = PBXGroup;
			children = (
				A68C111619E492280060A8AB /* MLIMGURUploader.h */,
				A68C111719E492280060A8AB /* MLIMGURUploader.m */,
			);
			name = MLIMGURUploader;
			sourceTree = "<group>";
		};
/* End PBXGroup section */

/* Begin PBXNativeTarget section */
		A68C10DD19E489700060A8AB /* imgurshot */ = {
			isa = PBXNativeTarget;
			buildConfigurationList = A68C10FE19E489700060A8AB /* Build configuration list for PBXNativeTarget "imgurshot" */;
			buildPhases = (
				A68C10DA19E489700060A8AB /* Sources */,
				A68C10DB19E489700060A8AB /* Frameworks */,
				A68C10DC19E489700060A8AB /* Resources */,
			);
			buildRules = (
			);
			dependencies = (
			);
			name = imgurshot;
			productName = imgurshot;
			productReference = A68C10DE19E489700060A8AB /* imgurshot.app */;
			productType = "com.apple.product-type.application";
		};
/* End PBXNativeTarget section */

/* Begin PBXProject section */
		A68C10D619E4896F0060A8AB /* Project object */ = {
			isa = PBXProject;
			attributes = {
				LastUpgradeCheck = 0940;
				ORGANIZATIONNAME = WPC;
				TargetAttributes = {
					A68C10DD19E489700060A8AB = {
						CreatedOnToolsVersion = 6.1;
						LastSwiftMigration = 0940;
					};
				};
			};
			buildConfigurationList = A68C10D919E4896F0060A8AB /* Build configuration list for PBXProject "imgurshot" */;
			compatibilityVersion = "Xcode 3.2";
			developmentRegion = English;
			hasScannedForEncodings = 0;
			knownRegions = (
				en,
				Base,
			);
			mainGroup = A68C10D519E4896F0060A8AB;
			productRefGroup = A68C10DF19E489700060A8AB /* Products */;
			projectDirPath = "";
			projectRoot = "";
			targets = (
				A68C10DD19E489700060A8AB /* imgurshot */,
			);
		};
/* End PBXProject section */

/* Begin PBXResourcesBuildPhase section */
		A68C10DC19E489700060A8AB /* Resources */ = {
			isa = PBXResourcesBuildPhase;
			buildActionMask = 2147483647;
			files = (
				A6CF24952114CA8F0086A67C /* Main.storyboard in Resources */,
				A68C10EC19E489700060A8AB /* Images.xcassets in Resources */,
			);
			runOnlyForDeploymentPostprocessing = 0;
		};
/* End PBXResourcesBuildPhase section */

/* Begin PBXSourcesBuildPhase section */
		A68C10DA19E489700060A8AB /* Sources */ = {
			isa = PBXSourcesBuildPhase;
			buildActionMask = 2147483647;
			files = (
				A68C110E19E48AD00060A8AB /* DDHotKeyCenter.m in Sources */,
				A68C111019E48AD00060A8AB /* DDHotKeyUtilities.m in Sources */,
				A6CF24752114C43B0086A67C /* AppDelegate.swift in Sources */,
				A68C110F19E48AD00060A8AB /* DDHotKeyTextField.m in Sources */,
				A68C111819E492280060A8AB /* MLIMGURUploader.m in Sources */,
			);
			runOnlyForDeploymentPostprocessing = 0;
		};
/* End PBXSourcesBuildPhase section */

/* Begin XCBuildConfiguration section */
		A68C10FC19E489700060A8AB /* Debug */ = {
			isa = XCBuildConfiguration;
			buildSettings = {
				ALWAYS_SEARCH_USER_PATHS = NO;
				CLANG_CXX_LANGUAGE_STANDARD = "gnu++0x";
				CLANG_CXX_LIBRARY = "libc++";
				CLANG_ENABLE_MODULES = YES;
				CLANG_ENABLE_OBJC_ARC = YES;
				CLANG_WARN_BLOCK_CAPTURE_AUTORELEASING = YES;
				CLANG_WARN_BOOL_CONVERSION = YES;
				CLANG_WARN_COMMA = YES;
				CLANG_WARN_CONSTANT_CONVERSION = YES;
				CLANG_WARN_DEPRECATED_OBJC_IMPLEMENTATIONS = YES;
				CLANG_WARN_DIRECT_OBJC_ISA_USAGE = YES_ERROR;
				CLANG_WARN_EMPTY_BODY = YES;
				CLANG_WARN_ENUM_CONVERSION = YES;
				CLANG_WARN_INFINITE_RECURSION = YES;
				CLANG_WARN_INT_CONVERSION = YES;
				CLANG_WARN_NON_LITERAL_NULL_CONVERSION = YES;
				CLANG_WARN_OBJC_IMPLICIT_RETAIN_SELF = YES;
				CLANG_WARN_OBJC_LITERAL_CONVERSION = YES;
				CLANG_WARN_OBJC_ROOT_CLASS = YES_ERROR;
				CLANG_WARN_RANGE_LOOP_ANALYSIS = YES;
				CLANG_WARN_STRICT_PROTOTYPES = YES;
				CLANG_WARN_SUSPICIOUS_MOVE = YES;
				CLANG_WARN_UNREACHABLE_CODE = YES;
				CLANG_WARN__DUPLICATE_METHOD_MATCH = YES;
				CODE_SIGN_IDENTITY = "-";
				COPY_PHASE_STRIP = NO;
				ENABLE_STRICT_OBJC_MSGSEND = YES;
				ENABLE_TESTABILITY = YES;
				GCC_C_LANGUAGE_STANDARD = gnu99;
				GCC_DYNAMIC_NO_PIC = NO;
				GCC_NO_COMMON_BLOCKS = YES;
				GCC_OPTIMIZATION_LEVEL = 0;
				GCC_PREPROCESSOR_DEFINITIONS = (
					"DEBUG=1",
					"$(inherited)",
				);
				GCC_SYMBOLS_PRIVATE_EXTERN = NO;
				GCC_WARN_64_TO_32_BIT_CONVERSION = YES;
				GCC_WARN_ABOUT_RETURN_TYPE = YES_ERROR;
				GCC_WARN_UNDECLARED_SELECTOR = YES;
				GCC_WARN_UNINITIALIZED_AUTOS = YES_AGGRESSIVE;
				GCC_WARN_UNUSED_FUNCTION = YES;
				GCC_WARN_UNUSED_VARIABLE = YES;
				MACOSX_DEPLOYMENT_TARGET = 10.10;
				MTL_ENABLE_DEBUG_INFO = YES;
				ONLY_ACTIVE_ARCH = YES;
				SDKROOT = macosx;
			};
			name = Debug;
		};
		A68C10FD19E489700060A8AB /* Release */ = {
			isa = XCBuildConfiguration;
			buildSettings = {
				ALWAYS_SEARCH_USER_PATHS = NO;
				CLANG_CXX_LANGUAGE_STANDARD = "gnu++0x";
				CLANG_CXX_LIBRARY = "libc++";
				CLANG_ENABLE_MODULES = YES;
				CLANG_ENABLE_OBJC_ARC = YES;
				CLANG_WARN_BLOCK_CAPTURE_AUTORELEASING = YES;
				CLANG_WARN_BOOL_CONVERSION = YES;
				CLANG_WARN_COMMA = YES;
				CLANG_WARN_CONSTANT_CONVERSION = YES;
				CLANG_WARN_DEPRECATED_OBJC_IMPLEMENTATIONS = YES;
				CLANG_WARN_DIRECT_OBJC_ISA_USAGE = YES_ERROR;
				CLANG_WARN_EMPTY_BODY = YES;
				CLANG_WARN_ENUM_CONVERSION = YES;
				CLANG_WARN_INFINITE_RECURSION = YES;
				CLANG_WARN_INT_CONVERSION = YES;
				CLANG_WARN_NON_LITERAL_NULL_CONVERSION = YES;
				CLANG_WARN_OBJC_IMPLICIT_RETAIN_SELF = YES;
				CLANG_WARN_OBJC_LITERAL_CONVERSION = YES;
				CLANG_WARN_OBJC_ROOT_CLASS = YES_ERROR;
				CLANG_WARN_RANGE_LOOP_ANALYSIS = YES;
				CLANG_WARN_STRICT_PROTOTYPES = YES;
				CLANG_WARN_SUSPICIOUS_MOVE = YES;
				CLANG_WARN_UNREACHABLE_CODE = YES;
				CLANG_WARN__DUPLICATE_METHOD_MATCH = YES;
				CODE_SIGN_IDENTITY = "-";
				COPY_PHASE_STRIP = YES;
				DEBUG_INFORMATION_FORMAT = "dwarf-with-dsym";
				ENABLE_NS_ASSERTIONS = NO;
				ENABLE_STRICT_OBJC_MSGSEND = YES;
				GCC_C_LANGUAGE_STANDARD = gnu99;
				GCC_NO_COMMON_BLOCKS = YES;
				GCC_WARN_64_TO_32_BIT_CONVERSION = YES;
				GCC_WARN_ABOUT_RETURN_TYPE = YES_ERROR;
				GCC_WARN_UNDECLARED_SELECTOR = YES;
				GCC_WARN_UNINITIALIZED_AUTOS = YES_AGGRESSIVE;
				GCC_WARN_UNUSED_FUNCTION = YES;
				GCC_WARN_UNUSED_VARIABLE = YES;
				MACOSX_DEPLOYMENT_TARGET = 10.10;
				MTL_ENABLE_DEBUG_INFO = NO;
				SDKROOT = macosx;
				SWIFT_COMPILATION_MODE = wholemodule;
			};
			name = Release;
		};
		A68C10FF19E489700060A8AB /* Debug */ = {
			isa = XCBuildConfiguration;
			buildSettings = {
				ASSETCATALOG_COMPILER_APPICON_NAME = AppIcon;
				CLANG_ENABLE_MODULES = YES;
				COMBINE_HIDPI_IMAGES = YES;
				INFOPLIST_FILE = imgurshot/Info.plist;
				LD_RUNPATH_SEARCH_PATHS = "$(inherited) @executable_path/../Frameworks";
				PRODUCT_BUNDLE_IDENTIFIER = "com.whitepaperclip.$(PRODUCT_NAME:rfc1034identifier)";
				PRODUCT_NAME = "$(TARGET_NAME)";
				SWIFT_OBJC_BRIDGING_HEADER = "imgurshot/imgurshot-Bridging-Header.h";
				SWIFT_OPTIMIZATION_LEVEL = "-Onone";
				SWIFT_VERSION = 3.0;
			};
			name = Debug;
		};
		A68C110019E489700060A8AB /* Release */ = {
			isa = XCBuildConfiguration;
			buildSettings = {
				ASSETCATALOG_COMPILER_APPICON_NAME = AppIcon;
				CLANG_ENABLE_MODULES = YES;
				COMBINE_HIDPI_IMAGES = YES;
				INFOPLIST_FILE = imgurshot/Info.plist;
				LD_RUNPATH_SEARCH_PATHS = "$(inherited) @executable_path/../Frameworks";
				PRODUCT_BUNDLE_IDENTIFIER = "com.whitepaperclip.$(PRODUCT_NAME:rfc1034identifier)";
				PRODUCT_NAME = "$(TARGET_NAME)";
				SWIFT_OBJC_BRIDGING_HEADER = "imgurshot/imgurshot-Bridging-Header.h";
				SWIFT_VERSION = 3.0;
			};
			name = Release;
		};
/* End XCBuildConfiguration section */

/* Begin XCConfigurationList section */
		A68C10D919E4896F0060A8AB /* Build configuration list for PBXProject "imgurshot" */ = {
			isa = XCConfigurationList;
			buildConfigurations = (
				A68C10FC19E489700060A8AB /* Debug */,
				A68C10FD19E489700060A8AB /* Release */,
			);
			defaultConfigurationIsVisible = 0;
			defaultConfigurationName = Release;
		};
		A68C10FE19E489700060A8AB /* Build configuration list for PBXNativeTarget "imgurshot" */ = {
			isa = XCConfigurationList;
			buildConfigurations = (
				A68C10FF19E489700060A8AB /* Debug */,
				A68C110019E489700060A8AB /* Release */,
			);
			defaultConfigurationIsVisible = 0;
			defaultConfigurationName = Release;
		};
/* End XCConfigurationList section */
	};
	rootObject = A68C10D619E4896F0060A8AB /* Project object */;
}
